
Microsoft Visual Studio Solution File, Format Version 12.00
# Visual Studio Version 16
VisualStudioVersion = 16.0.31129.286
MinimumVisualStudioVersion = 10.0.40219.1
Project("{9A19103F-16F7-4668-BE54-9A1E7A4F7556}") = "PopulationAndHouseholdDataWebApi", "PopulationAndHouseholdDataWebApi\PopulationAndHouseholdDataWebApi.csproj", "{C1595E17-C160-485F-B0D5-5248D3CFFA3E}"
EndProject
Project("{2150E333-8FDC-42A3-9474-1A3956D46DE8}") = "DAL", "DAL", "{2D6B94FE-5F8E-443A-8318-56C605F43F54}"
EndProject
Project("{2150E333-8FDC-42A3-9474-1A3956D46DE8}") = "BLL", "BLL", "{5222E72A-9E0E-43C7-80EC-70AAD0838EA3}"
EndProject
Project("{2150E333-8FDC-42A3-9474-1A3956D46DE8}") = "Common", "Common", "{2E0E97C3-5734-49F2-8FF6-DC5FD30A61AC}"
EndProject
Project("{2150E333-8FDC-42A3-9474-1A3956D46DE8}") = "Tests", "Tests", "{3203547B-2E62-4B08-BC4E-B4A92F626B36}"
EndProject
Project("{9A19103F-16F7-4668-BE54-9A1E7A4F7556}") = "EF", "EF\EF.csproj", "{D808B028-36CF-49C2-9DA2-743E2E0DF1B0}"
EndProject
Project("{9A19103F-16F7-4668-BE54-9A1E7A4F7556}") = "IDataAccess", "IDataAccess\IDataAccess.csproj", "{00249B66-0140-4E82-845F-EB0CE0EDB3E0}"
EndProject
Project("{9A19103F-16F7-4668-BE54-9A1E7A4F7556}") = "DataAccess", "DataAccess\DataAccess.csproj", "{43CAC709-A4D9-445E-8ECF-F98E974722F1}"
EndProject
Project("{9A19103F-16F7-4668-BE54-9A1E7A4F7556}") = "BusinessServices", "BusinessServices\BusinessServices.csproj", "{531323AF-4790-46A2-A166-D37DE3E00B19}"
EndProject
Project("{9A19103F-16F7-4668-BE54-9A1E7A4F7556}") = "IBusinessServices", "IBusinessServices\IBusinessServices.csproj", "{5EE178A6-915D-497D-A4E4-A9E70AF2F648}"
EndProject
Project("{9A19103F-16F7-4668-BE54-9A1E7A4F7556}") = "Common", "Common\Common.csproj", "{988543DD-CE86-44DD-B7FD-258F1DEF3206}"
EndProject
Project("{9A19103F-16F7-4668-BE54-9A1E7A4F7556}") = "DI", "DI\DI.csproj", "{0020E495-2EF0-41AE-9148-9B87EDE7AFED}"
EndProject
Project("{9A19103F-16F7-4668-BE54-9A1E7A4F7556}") = "Domain", "Domain\Domain.csproj", "{31AA2A00-B49B-4ED8-82A6-D182DC108737}"
EndProject
Project("{9A19103F-16F7-4668-BE54-9A1E7A4F7556}") = "Tests", "Tests\Tests.csproj", "{53C32DD2-4BC3-4950-A875-BF3A8C686B8B}"
EndProject
Project("{2150E333-8FDC-42A3-9474-1A3956D46DE8}") = "Sqlite", "Sqlite", "{70F3D96D-FB02-4E28-B040-E9B0D53CF92B}"
	ProjectSection(SolutionItems) = preProject
		Sqlite\populationAndHousehold.db = Sqlite\populationAndHousehold.db
	EndProjectSection
EndProject
Project("{2150E333-8FDC-42A3-9474-1A3956D46DE8}") = "Solution Items", "Solution Items", "{11DDCA5C-71DD-4F85-9A96-4C755592A011}"
	ProjectSection(SolutionItems) = preProject
		README.md = README.md
	EndProjectSection
EndProject
Global
	GlobalSection(SolutionConfigurationPlatforms) = preSolution
		Debug|Any CPU = Debug|Any CPU
		Release|Any CPU = Release|Any CPU
	EndGlobalSection
	GlobalSection(ProjectConfigurationPlatforms) = postSolution
		{C1595E17-C160-485F-B0D5-5248D3CFFA3E}.Debug|Any CPU.ActiveCfg = Debug|Any CPU
		{C1595E17-C160-485F-B0D5-5248D3CFFA3E}.Debug|Any CPU.Build.0 = Debug|Any CPU
		{C1595E17-C160-485F-B0D5-5248D3CFFA3E}.Release|Any CPU.ActiveCfg = Release|Any CPU
		{C1595E17-C160-485F-B0D5-5248D3CFFA3E}.Release|Any CPU.Build.0 = Release|Any CPU
		{D808B028-36CF-49C2-9DA2-743E2E0DF1B0}.Debug|Any CPU.ActiveCfg = Debug|Any CPU
		{D808B028-36CF-49C2-9DA2-743E2E0DF1B0}.Debug|Any CPU.Build.0 = Debug|Any CPU
		{D808B028-36CF-49C2-9DA2-743E2E0DF1B0}.Release|Any CPU.ActiveCfg = Release|Any CPU
		{D808B028-36CF-49C2-9DA2-743E2E0DF1B0}.Release|Any CPU.Build.0 = Release|Any CPU
		{00249B66-0140-4E82-845F-EB0CE0EDB3E0}.Debug|Any CPU.ActiveCfg = Debug|Any CPU
		{00249B66-0140-4E82-845F-EB0CE0EDB3E0}.Debug|Any CPU.Build.0 = Debug|Any CPU
		{00249B66-0140-4E82-845F-EB0CE0EDB3E0}.Release|Any CPU.ActiveCfg = Release|Any CPU
		{00249B66-0140-4E82-845F-EB0CE0EDB3E0}.Release|Any CPU.Build.0 = Release|Any CPU
		{43CAC709-A4D9-445E-8ECF-F98E974722F1}.Debug|Any CPU.ActiveCfg = Debug|Any CPU
		{43CAC709-A4D9-445E-8ECF-F98E974722F1}.Debug|Any CPU.Build.0 = Debug|Any CPU
		{43CAC709-A4D9-445E-8ECF-F98E974722F1}.Release|Any CPU.ActiveCfg = Release|Any CPU
		{43CAC709-A4D9-445E-8ECF-F98E974722F1}.Release|Any CPU.Build.0 = Release|Any CPU
		{531323AF-4790-46A2-A166-D37DE3E00B19}.Debug|Any CPU.ActiveCfg = Debug|Any CPU
		{531323AF-4790-46A2-A166-D37DE3E00B19}.Debug|Any CPU.Build.0 = Debug|Any CPU
		{531323AF-4790-46A2-A166-D37DE3E00B19}.Release|Any CPU.ActiveCfg = Release|Any CPU
		{531323AF-4790-46A2-A166-D37DE3E00B19}.Release|Any CPU.Build.0 = Release|Any CPU
		{5EE178A6-915D-497D-A4E4-A9E70AF2F648}.Debug|Any CPU.ActiveCfg = Debug|Any CPU
		{5EE178A6-915D-497D-A4E4-A9E70AF2F648}.Debug|Any CPU.Build.0 = Debug|Any CPU
		{5EE178A6-915D-497D-A4E4-A9E70AF2F648}.Release|Any CPU.ActiveCfg = Release|Any CPU
		{5EE178A6-915D-497D-A4E4-A9E70AF2F648}.Release|Any CPU.Build.0 = Release|Any CPU
		{988543DD-CE86-44DD-B7FD-258F1DEF3206}.Debug|Any CPU.ActiveCfg = Debug|Any CPU
		{988543DD-CE86-44DD-B7FD-258F1DEF3206}.Debug|Any CPU.Build.0 = Debug|Any CPU
		{988543DD-CE86-44DD-B7FD-258F1DEF3206}.Release|Any CPU.ActiveCfg = Release|Any CPU
		{988543DD-CE86-44DD-B7FD-258F1DEF3206}.Release|Any CPU.Build.0 = Release|Any CPU
		{0020E495-2EF0-41AE-9148-9B87EDE7AFED}.Debug|Any CPU.ActiveCfg = Debug|Any CPU
		{0020E495-2EF0-41AE-9148-9B87EDE7AFED}.Debug|Any CPU.Build.0 = Debug|Any CPU
		{0020E495-2EF0-41AE-9148-9B87EDE7AFED}.Release|Any CPU.ActiveCfg = Release|Any CPU
		{0020E495-2EF0-41AE-9148-9B87EDE7AFED}.Release|Any CPU.Build.0 = Release|Any CPU
		{31AA2A00-B49B-4ED8-82A6-D182DC108737}.Debug|Any CPU.ActiveCfg = Debug|Any CPU
		{31AA2A00-B49B-4ED8-82A6-D182DC108737}.Debug|Any CPU.Build.0 = Debug|Any CPU
		{31AA2A00-B49B-4ED8-82A6-D182DC108737}.Release|Any CPU.ActiveCfg = Release|Any CPU
		{31AA2A00-B49B-4ED8-82A6-D182DC108737}.Release|Any CPU.Build.0 = Release|Any CPU
		{53C32DD2-4BC3-4950-A875-BF3A8C686B8B}.Debug|Any CPU.ActiveCfg = Debug|Any CPU
		{53C32DD2-4BC3-4950-A875-BF3A8C686B8B}.Debug|Any CPU.Build.0 = Debug|Any CPU
		{53C32DD2-4BC3-4950-A875-BF3A8C686B8B}.Release|Any CPU.ActiveCfg = Release|Any CPU
		{53C32DD2-4BC3-4950-A875-BF3A8C686B8B}.Release|Any CPU.Build.0 = Release|Any CPU
	EndGlobalSection
	GlobalSection(SolutionProperties) = preSolution
		HideSolutionNode = FALSE
	EndGlobalSection
	GlobalSection(NestedProjects) = preSolution
		{D808B028-36CF-49C2-9DA2-743E2E0DF1B0} = {2D6B94FE-5F8E-443A-8318-56C605F43F54}
		{00249B66-0140-4E82-845F-EB0CE0EDB3E0} = {2D6B94FE-5F8E-443A-8318-56C605F43F54}
		{43CAC709-A4D9-445E-8ECF-F98E974722F1} = {2D6B94FE-5F8E-443A-8318-56C605F43F54}
		{531323AF-4790-46A2-A166-D37DE3E00B19} = {5222E72A-9E0E-43C7-80EC-70AAD0838EA3}
		{5EE178A6-915D-497D-A4E4-A9E70AF2F648} = {5222E72A-9E0E-43C7-80EC-70AAD0838EA3}
		{988543DD-CE86-44DD-B7FD-258F1DEF3206} = {2E0E97C3-5734-49F2-8FF6-DC5FD30A61AC}
		{0020E495-2EF0-41AE-9148-9B87EDE7AFED} = {2E0E97C3-5734-49F2-8FF6-DC5FD30A61AC}
		{31AA2A00-B49B-4ED8-82A6-D182DC108737} = {2E0E97C3-5734-49F2-8FF6-DC5FD30A61AC}
		{53C32DD2-4BC3-4950-A875-BF3A8C686B8B} = {3203547B-2E62-4B08-BC4E-B4A92F626B36}
	EndGlobalSection
	GlobalSection(ExtensibilityGlobals) = postSolution
		SolutionGuid = {9FD67BEC-8209-4A5A-9579-4BE5A10B6B90}
	EndGlobalSection
EndGlobal
